
Microsoft Visual Studio Solution File, Format Version 12.00
# Visual Studio 15
Project("{FAE04EC0-301F-11D3-BF4B-00C04F79EFBC}") = "Experiment2", "Experiment2\Experiment2.csproj", "{C4A0065C-B03B-4CB7-8299-70E9FF7CC0FD}"
EndProject
Global
	GlobalSection(SolutionConfigurationPlatforms) = preSolution
		Debug|iPhoneSimulator = Debug|iPhoneSimulator
		Release|iPhone = Release|iPhone
		Release|iPhoneSimulator = Release|iPhoneSimulator
		Debug|iPhone = Debug|iPhone
	EndGlobalSection
	GlobalSection(ProjectConfigurationPlatforms) = postSolution
		{C4A0065C-B03B-4CB7-8299-70E9FF7CC0FD}.Debug|iPhoneSimulator.ActiveCfg = Debug|iPhoneSimulator
		{C4A0065C-B03B-4CB7-8299-70E9FF7CC0FD}.Debug|iPhoneSimulator.Build.0 = Debug|iPhoneSimulator
		{C4A0065C-B03B-4CB7-8299-70E9FF7CC0FD}.Release|iPhone.ActiveCfg = Release|iPhone
		{C4A0065C-B03B-4CB7-8299-70E9FF7CC0FD}.Release|iPhone.Build.0 = Release|iPhone
		{C4A0065C-B03B-4CB7-8299-70E9FF7CC0FD}.Release|iPhoneSimulator.ActiveCfg = Release|iPhoneSimulator
		{C4A0065C-B03B-4CB7-8299-70E9FF7CC0FD}.Release|iPhoneSimulator.Build.0 = Release|iPhoneSimulator
		{C4A0065C-B03B-4CB7-8299-70E9FF7CC0FD}.Debug|iPhone.ActiveCfg = Debug|iPhone
		{C4A0065C-B03B-4CB7-8299-70E9FF7CC0FD}.Debug|iPhone.Build.0 = Debug|iPhone
	EndGlobalSection
EndGlobal
